
Microsoft Visual Studio Solution File, Format Version 12.00
# Visual Studio Version 17
VisualStudioVersion = 17.0.31903.59
MinimumVisualStudioVersion = 10.0.40219.1
Project("{9A19103F-16F7-4668-BE54-9A1E7A4F7556}") = "CLIHelper", "CLIHelper\CLIHelper.csproj", "{9744A78B-170A-4E5E-986E-5F877761A2A3}"
EndProject
Project("{9A19103F-16F7-4668-BE54-9A1E7A4F7556}") = "CLIHelper.Tests", "CLIHelper.Tests\CLIHelper.Tests.csproj", "{060AA71E-80A0-4560-B7FF-2DA12798AD28}"
EndProject
Project("{9A19103F-16F7-4668-BE54-9A1E7A4F7556}") = "Config.Wrapper", "Config.Wrapper\Config.Wrapper.csproj", "{60FD60A6-8821-4EE4-A3D9-1496397052C8}"
EndProject
Project("{9A19103F-16F7-4668-BE54-9A1E7A4F7556}") = "Config.Wrapper.CLI.TestApp", "Config.Wrapper.CLI.TestApp\Config.Wrapper.CLI.TestApp.csproj", "{81371120-6F5A-413C-947C-E2F3D351D0EE}"
EndProject
Project("{9A19103F-16F7-4668-BE54-9A1E7A4F7556}") = "Config.Wrapper.Tests", "Config.Wrapper.Tests\Config.Wrapper.Tests.csproj", "{0A7F1CD0-36DE-42AB-BC9B-C65A0FDFBE8C}"
EndProject
Project("{9A19103F-16F7-4668-BE54-9A1E7A4F7556}") = "DIHelper", "DIHelper\DIHelper.csproj", "{AD23B4BC-30BA-4808-B131-ED58D2E9EA69}"
EndProject
Project("{9A19103F-16F7-4668-BE54-9A1E7A4F7556}") = "DIHelper.Tests", "DIHelper.Tests\DIHelper.Tests.csproj", "{2CCEAE60-4EA6-4E05-81F6-AC33905E0DEF}"
EndProject
Project("{9A19103F-16F7-4668-BE54-9A1E7A4F7556}") = "EFCore.Helper", "EFCore.Helper\EFCore.Helper.csproj", "{671A0F7E-4892-4F42-831F-4A60F090F104}"
EndProject
Project("{9A19103F-16F7-4668-BE54-9A1E7A4F7556}") = "Serilog.Wrapper", "Serilog.Wrapper\Serilog.Wrapper.csproj", "{EB29ADB6-B4CB-4A8A-9F4D-911AE406BCD7}"
EndProject
Project("{9A19103F-16F7-4668-BE54-9A1E7A4F7556}") = "Serilog.Wrapper.CLI.TestApp", "Serilog.Wrapper.CLI.TestApp\Serilog.Wrapper.CLI.TestApp.csproj", "{09974D04-1AEF-42B9-8A15-41991E03CF83}"
EndProject
Project("{2150E333-8FDC-42A3-9474-1A3956D46DE8}") = "app", "app", "{D6060EE9-EB51-4385-AC92-B45969110333}"
EndProject
Project("{2150E333-8FDC-42A3-9474-1A3956D46DE8}") = "test", "test", "{B5C32B92-972A-4093-BC68-7CE404FC454B}"
EndProject
Project("{2150E333-8FDC-42A3-9474-1A3956D46DE8}") = "lib0", "lib0", "{68B79CBE-186B-4C71-BB72-25B1ADE07682}"
EndProject
Project("{2150E333-8FDC-42A3-9474-1A3956D46DE8}") = "lib1", "lib1", "{B2446925-B987-484B-A2DB-B05A787A5075}"
EndProject
Project("{2150E333-8FDC-42A3-9474-1A3956D46DE8}") = "lib2", "lib2", "{058A7B5C-980D-40AA-8965-E67E76CA4669}"
EndProject
Project("{9A19103F-16F7-4668-BE54-9A1E7A4F7556}") = "CommandDotNet.Helper", "CommandDotNet.Helper\CommandDotNet.Helper.csproj", "{4A01EBB7-F529-4B0F-AAFA-AFD39FF1C051}"
EndProject
Project("{9A19103F-16F7-4668-BE54-9A1E7A4F7556}") = "CommandDotNet.IoC.Unity", "CommandDotNet.IoC.Unity\CommandDotNet.IoC.Unity.csproj", "{31F91513-0BB4-4222-BF32-A687EB24AF81}"
EndProject
Project("{9A19103F-16F7-4668-BE54-9A1E7A4F7556}") = "CommandDotNet.Unity.Helper", "CommandDotNet.Unity.Helper\CommandDotNet.Unity.Helper.csproj", "{6FBF3874-D94F-49E3-9D25-6E5C39DC8E15}"
EndProject
Project("{9A19103F-16F7-4668-BE54-9A1E7A4F7556}") = "CommandDotNet.MDI.Helper", "CommandDotNet.MDI.Helper\CommandDotNet.MDI.Helper.csproj", "{EDA0BFE3-A96E-49C5-A1ED-39A6A707F19E}"
EndProject
Project("{9A19103F-16F7-4668-BE54-9A1E7A4F7556}") = "CommandDotNet.Test.Helper", "CommandDotNet.Test.Helper\CommandDotNet.Test.Helper.csproj", "{CD43EC44-973D-4028-8D02-5B520BC5B43F}"
EndProject
Project("{9A19103F-16F7-4668-BE54-9A1E7A4F7556}") = "CommandDotNet.Helpers.Tests", "CommandDotNet.Helpers.Tests\CommandDotNet.Helpers.Tests.csproj", "{6F51951F-5246-43B0-8419-0259ECCF3E0D}"
EndProject
Project("{9A19103F-16F7-4668-BE54-9A1E7A4F7556}") = "ModelHelper", "ModelHelper\ModelHelper.csproj", "{F715D9CE-782F-49BC-8400-94FF097825BF}"
EndProject
Project("{9A19103F-16F7-4668-BE54-9A1E7A4F7556}") = "Better.Console.Tables.TestApp", "Better.Console.Tables.TestApp\Better.Console.Tables.TestApp.csproj", "{E6AA65C6-74D3-4855-9010-2BC7B32E8963}"
EndProject
Project("{9A19103F-16F7-4668-BE54-9A1E7A4F7556}") = "DataToTable", "DataToTable\DataToTable.csproj", "{7DEA8532-AE62-44D2-A63E-8B76242B2743}"
EndProject
Project("{9A19103F-16F7-4668-BE54-9A1E7A4F7556}") = "DataToTable.Tests", "DataToTable.Tests\DataToTable.Tests.csproj", "{BC9522F0-EB3A-42F0-833B-99C2DC61CBA5}"
EndProject
Project("{9A19103F-16F7-4668-BE54-9A1E7A4F7556}") = "DotNetExtension", "DotNetExtension\DotNetExtension.csproj", "{A23A7CBD-A976-4D33-A947-D6546BBE8B76}"
EndProject
Project("{9A19103F-16F7-4668-BE54-9A1E7A4F7556}") = "DotNetExtension.Tests", "DotNetExtension.Tests\DotNetExtension.Tests.csproj", "{AB6D2220-DF44-4065-990B-C3FD2B2DBCB5}"
EndProject
Project("{9A19103F-16F7-4668-BE54-9A1E7A4F7556}") = "CRUDCommandHelper", "CRUDCommandHelper\CRUDCommandHelper.csproj", "{1071AE6D-EDAE-426B-8847-00313857D4D2}"
EndProject
Project("{9A19103F-16F7-4668-BE54-9A1E7A4F7556}") = "XUnit.Helper", "XUnit.Helper\XUnit.Helper.csproj", "{4DC75D6F-5DA0-4310-A72C-49F4EF8D9105}"
EndProject
Project("{9A19103F-16F7-4668-BE54-9A1E7A4F7556}") = "CLIFramework", "CLIFramework\CLIFramework.csproj", "{A9298DC2-4C63-4FD0-ADF0-B9D211FE0C3E}"
EndProject
Project("{9A19103F-16F7-4668-BE54-9A1E7A4F7556}") = "CLIFramework.TestApp", "CLIFramework.TestApp\CLIFramework.TestApp.csproj", "{19213BF9-FA50-4978-8740-405BC1F8E399}"
EndProject
Project("{9A19103F-16F7-4668-BE54-9A1E7A4F7556}") = "CLIFramework.Tests", "CLIFramework.Tests\CLIFramework.Tests.csproj", "{B723CDD8-6E0A-4389-B243-CB97E8FBF51E}"
EndProject
Project("{9A19103F-16F7-4668-BE54-9A1E7A4F7556}") = "CLIReader", "CLIReader\CLIReader.csproj", "{FEB6EF34-4C9C-4CF3-9D3D-50696B430094}"
EndProject
Project("{9A19103F-16F7-4668-BE54-9A1E7A4F7556}") = "CLIReader.Tests", "CLIReader.Tests\CLIReader.Tests.csproj", "{9E111C78-CFF4-42E6-8BCE-93DD5F73F28A}"
EndProject
Project("{9A19103F-16F7-4668-BE54-9A1E7A4F7556}") = "CLIWizardHelper", "CLIWizardHelper\CLIWizardHelper.csproj", "{65C3E37E-BF52-41CD-915B-3EF191026A9E}"
EndProject
Project("{9A19103F-16F7-4668-BE54-9A1E7A4F7556}") = "DotNetTool", "DotNetTool\DotNetTool.csproj", "{D35CBD6E-345B-4666-AE5D-C0FBCB9BAF82}"
EndProject
Project("{9A19103F-16F7-4668-BE54-9A1E7A4F7556}") = "Connection.Builder", "Connection.Builder\Connection.Builder.csproj", "{47A8675E-CA8B-4751-B763-F6AFAC030941}"
EndProject
Project("{9A19103F-16F7-4668-BE54-9A1E7A4F7556}") = "Pattern", "Pattern\Pattern.csproj", "{EBD5F92F-9CA6-4CB2-A648-EA8D047A3FB9}"
EndProject
Project("{9A19103F-16F7-4668-BE54-9A1E7A4F7556}") = "Net.Examples", "Net.Examples\Net.Examples.csproj", "{8404B282-F0F5-47B7-A5C2-1EF4280D4835}"
EndProject
Project("{9A19103F-16F7-4668-BE54-9A1E7A4F7556}") = "Net.Examples.Cli", "Net.Examples.Cli\Net.Examples.Cli.csproj", "{0E62CB99-8B14-4C55-975F-4B3F5E3C8AB8}"
EndProject
Project("{9A19103F-16F7-4668-BE54-9A1E7A4F7556}") = "Net.Tests", "Net.Tests\Net.Tests.csproj", "{9548AFDD-0ACB-4588-BED3-C9E8C82C79B7}"
EndProject
Project("{9A19103F-16F7-4668-BE54-9A1E7A4F7556}") = "Console.Tables.Wrapper", "Console.Tables.Wrapper\Console.Tables.Wrapper.csproj", "{DD858289-13AC-4BD6-9FEA-537D487B81DB}"
EndProject
Project("{9A19103F-16F7-4668-BE54-9A1E7A4F7556}") = "Console.Tables.Wrapper.TestApp", "Console.Tables.Wrapper.TestApp\Console.Tables.Wrapper.TestApp.csproj", "{40754A56-86D8-4F5D-A387-4959B124C682}"
EndProject
Project("{9A19103F-16F7-4668-BE54-9A1E7A4F7556}") = "CommandDotNet.App", "CommandDotNet.App\CommandDotNet.App.csproj", "{690909BA-E2D3-4D85-822C-3473712AE2CA}"
EndProject
Project("{9A19103F-16F7-4668-BE54-9A1E7A4F7556}") = "CommandDotNet.App.Tests", "CommandDotNet.App.Tests\CommandDotNet.App.Tests.csproj", "{F4C01FCA-C3AF-4785-903A-7982D8F6FA6D}"
EndProject
Project("{9A19103F-16F7-4668-BE54-9A1E7A4F7556}") = "WpfHelper", "WpfHelper\WpfHelper.csproj", "{AE386761-9119-464A-A6E2-601F7F316505}"
EndProject
Project("{9A19103F-16F7-4668-BE54-9A1E7A4F7556}") = "GitPath.ConsoleApp", "GitPath.ConsoleApp\GitPath.ConsoleApp.csproj", "{1A6F131E-CA16-45F6-A0AF-6D69B009EFBE}"
EndProject
Project("{9A19103F-16F7-4668-BE54-9A1E7A4F7556}") = "GitPath.Lib", "GitPath.Lib\GitPath.Lib.csproj", "{E592F35A-F547-48B3-B33D-EDA341D2903E}"
EndProject
Project("{9A19103F-16F7-4668-BE54-9A1E7A4F7556}") = "GitPath.Tests", "GitPath.Tests\GitPath.Tests.csproj", "{9F1D120A-287D-460F-9C66-4DD63625EC02}"
EndProject
Project("{9A19103F-16F7-4668-BE54-9A1E7A4F7556}") = "UnityContainer.Tests", "UnityContainer.Tests\UnityContainer.Tests.csproj", "{3346470A-1871-4AB3-85EF-FD52BB8D0C9D}"
EndProject
Project("{2150E333-8FDC-42A3-9474-1A3956D46DE8}") = "examples", "examples", "{3B9B7CE1-0BE3-498C-AD49-5C07CF3ACA46}"
EndProject
Global
	GlobalSection(SolutionConfigurationPlatforms) = preSolution
		Debug|Any CPU = Debug|Any CPU
		Release|Any CPU = Release|Any CPU
	EndGlobalSection
	GlobalSection(ProjectConfigurationPlatforms) = postSolution
		{9744A78B-170A-4E5E-986E-5F877761A2A3}.Debug|Any CPU.ActiveCfg = Debug|Any CPU
		{9744A78B-170A-4E5E-986E-5F877761A2A3}.Debug|Any CPU.Build.0 = Debug|Any CPU
		{9744A78B-170A-4E5E-986E-5F877761A2A3}.Release|Any CPU.ActiveCfg = Release|Any CPU
		{9744A78B-170A-4E5E-986E-5F877761A2A3}.Release|Any CPU.Build.0 = Release|Any CPU
		{060AA71E-80A0-4560-B7FF-2DA12798AD28}.Debug|Any CPU.ActiveCfg = Debug|Any CPU
		{060AA71E-80A0-4560-B7FF-2DA12798AD28}.Debug|Any CPU.Build.0 = Debug|Any CPU
		{060AA71E-80A0-4560-B7FF-2DA12798AD28}.Release|Any CPU.ActiveCfg = Release|Any CPU
		{060AA71E-80A0-4560-B7FF-2DA12798AD28}.Release|Any CPU.Build.0 = Release|Any CPU
		{60FD60A6-8821-4EE4-A3D9-1496397052C8}.Debug|Any CPU.ActiveCfg = Debug|Any CPU
		{60FD60A6-8821-4EE4-A3D9-1496397052C8}.Debug|Any CPU.Build.0 = Debug|Any CPU
		{60FD60A6-8821-4EE4-A3D9-1496397052C8}.Release|Any CPU.ActiveCfg = Release|Any CPU
		{60FD60A6-8821-4EE4-A3D9-1496397052C8}.Release|Any CPU.Build.0 = Release|Any CPU
		{81371120-6F5A-413C-947C-E2F3D351D0EE}.Debug|Any CPU.ActiveCfg = Debug|Any CPU
		{81371120-6F5A-413C-947C-E2F3D351D0EE}.Debug|Any CPU.Build.0 = Debug|Any CPU
		{81371120-6F5A-413C-947C-E2F3D351D0EE}.Release|Any CPU.ActiveCfg = Release|Any CPU
		{81371120-6F5A-413C-947C-E2F3D351D0EE}.Release|Any CPU.Build.0 = Release|Any CPU
		{0A7F1CD0-36DE-42AB-BC9B-C65A0FDFBE8C}.Debug|Any CPU.ActiveCfg = Debug|Any CPU
		{0A7F1CD0-36DE-42AB-BC9B-C65A0FDFBE8C}.Debug|Any CPU.Build.0 = Debug|Any CPU
		{0A7F1CD0-36DE-42AB-BC9B-C65A0FDFBE8C}.Release|Any CPU.ActiveCfg = Release|Any CPU
		{0A7F1CD0-36DE-42AB-BC9B-C65A0FDFBE8C}.Release|Any CPU.Build.0 = Release|Any CPU
		{AD23B4BC-30BA-4808-B131-ED58D2E9EA69}.Debug|Any CPU.ActiveCfg = Debug|Any CPU
		{AD23B4BC-30BA-4808-B131-ED58D2E9EA69}.Debug|Any CPU.Build.0 = Debug|Any CPU
		{AD23B4BC-30BA-4808-B131-ED58D2E9EA69}.Release|Any CPU.ActiveCfg = Release|Any CPU
		{AD23B4BC-30BA-4808-B131-ED58D2E9EA69}.Release|Any CPU.Build.0 = Release|Any CPU
		{2CCEAE60-4EA6-4E05-81F6-AC33905E0DEF}.Debug|Any CPU.ActiveCfg = Debug|Any CPU
		{2CCEAE60-4EA6-4E05-81F6-AC33905E0DEF}.Debug|Any CPU.Build.0 = Debug|Any CPU
		{2CCEAE60-4EA6-4E05-81F6-AC33905E0DEF}.Release|Any CPU.ActiveCfg = Release|Any CPU
		{2CCEAE60-4EA6-4E05-81F6-AC33905E0DEF}.Release|Any CPU.Build.0 = Release|Any CPU
		{671A0F7E-4892-4F42-831F-4A60F090F104}.Debug|Any CPU.ActiveCfg = Debug|Any CPU
		{671A0F7E-4892-4F42-831F-4A60F090F104}.Debug|Any CPU.Build.0 = Debug|Any CPU
		{671A0F7E-4892-4F42-831F-4A60F090F104}.Release|Any CPU.ActiveCfg = Release|Any CPU
		{671A0F7E-4892-4F42-831F-4A60F090F104}.Release|Any CPU.Build.0 = Release|Any CPU
		{EB29ADB6-B4CB-4A8A-9F4D-911AE406BCD7}.Debug|Any CPU.ActiveCfg = Debug|Any CPU
		{EB29ADB6-B4CB-4A8A-9F4D-911AE406BCD7}.Debug|Any CPU.Build.0 = Debug|Any CPU
		{EB29ADB6-B4CB-4A8A-9F4D-911AE406BCD7}.Release|Any CPU.ActiveCfg = Release|Any CPU
		{EB29ADB6-B4CB-4A8A-9F4D-911AE406BCD7}.Release|Any CPU.Build.0 = Release|Any CPU
		{09974D04-1AEF-42B9-8A15-41991E03CF83}.Debug|Any CPU.ActiveCfg = Debug|Any CPU
		{09974D04-1AEF-42B9-8A15-41991E03CF83}.Debug|Any CPU.Build.0 = Debug|Any CPU
		{09974D04-1AEF-42B9-8A15-41991E03CF83}.Release|Any CPU.ActiveCfg = Release|Any CPU
		{09974D04-1AEF-42B9-8A15-41991E03CF83}.Release|Any CPU.Build.0 = Release|Any CPU
		{4A01EBB7-F529-4B0F-AAFA-AFD39FF1C051}.Debug|Any CPU.ActiveCfg = Debug|Any CPU
		{4A01EBB7-F529-4B0F-AAFA-AFD39FF1C051}.Debug|Any CPU.Build.0 = Debug|Any CPU
		{4A01EBB7-F529-4B0F-AAFA-AFD39FF1C051}.Release|Any CPU.ActiveCfg = Release|Any CPU
		{4A01EBB7-F529-4B0F-AAFA-AFD39FF1C051}.Release|Any CPU.Build.0 = Release|Any CPU
		{31F91513-0BB4-4222-BF32-A687EB24AF81}.Debug|Any CPU.ActiveCfg = Debug|Any CPU
		{31F91513-0BB4-4222-BF32-A687EB24AF81}.Debug|Any CPU.Build.0 = Debug|Any CPU
		{31F91513-0BB4-4222-BF32-A687EB24AF81}.Release|Any CPU.ActiveCfg = Release|Any CPU
		{31F91513-0BB4-4222-BF32-A687EB24AF81}.Release|Any CPU.Build.0 = Release|Any CPU
		{6FBF3874-D94F-49E3-9D25-6E5C39DC8E15}.Debug|Any CPU.ActiveCfg = Debug|Any CPU
		{6FBF3874-D94F-49E3-9D25-6E5C39DC8E15}.Debug|Any CPU.Build.0 = Debug|Any CPU
		{6FBF3874-D94F-49E3-9D25-6E5C39DC8E15}.Release|Any CPU.ActiveCfg = Release|Any CPU
		{6FBF3874-D94F-49E3-9D25-6E5C39DC8E15}.Release|Any CPU.Build.0 = Release|Any CPU
		{EDA0BFE3-A96E-49C5-A1ED-39A6A707F19E}.Debug|Any CPU.ActiveCfg = Debug|Any CPU
		{EDA0BFE3-A96E-49C5-A1ED-39A6A707F19E}.Debug|Any CPU.Build.0 = Debug|Any CPU
		{EDA0BFE3-A96E-49C5-A1ED-39A6A707F19E}.Release|Any CPU.ActiveCfg = Release|Any CPU
		{EDA0BFE3-A96E-49C5-A1ED-39A6A707F19E}.Release|Any CPU.Build.0 = Release|Any CPU
		{CD43EC44-973D-4028-8D02-5B520BC5B43F}.Debug|Any CPU.ActiveCfg = Debug|Any CPU
		{CD43EC44-973D-4028-8D02-5B520BC5B43F}.Debug|Any CPU.Build.0 = Debug|Any CPU
		{CD43EC44-973D-4028-8D02-5B520BC5B43F}.Release|Any CPU.ActiveCfg = Release|Any CPU
		{CD43EC44-973D-4028-8D02-5B520BC5B43F}.Release|Any CPU.Build.0 = Release|Any CPU
		{6F51951F-5246-43B0-8419-0259ECCF3E0D}.Debug|Any CPU.ActiveCfg = Debug|Any CPU
		{6F51951F-5246-43B0-8419-0259ECCF3E0D}.Debug|Any CPU.Build.0 = Debug|Any CPU
		{6F51951F-5246-43B0-8419-0259ECCF3E0D}.Release|Any CPU.ActiveCfg = Release|Any CPU
		{6F51951F-5246-43B0-8419-0259ECCF3E0D}.Release|Any CPU.Build.0 = Release|Any CPU
		{F715D9CE-782F-49BC-8400-94FF097825BF}.Debug|Any CPU.ActiveCfg = Debug|Any CPU
		{F715D9CE-782F-49BC-8400-94FF097825BF}.Debug|Any CPU.Build.0 = Debug|Any CPU
		{F715D9CE-782F-49BC-8400-94FF097825BF}.Release|Any CPU.ActiveCfg = Release|Any CPU
		{F715D9CE-782F-49BC-8400-94FF097825BF}.Release|Any CPU.Build.0 = Release|Any CPU
		{E6AA65C6-74D3-4855-9010-2BC7B32E8963}.Debug|Any CPU.ActiveCfg = Debug|Any CPU
		{E6AA65C6-74D3-4855-9010-2BC7B32E8963}.Debug|Any CPU.Build.0 = Debug|Any CPU
		{E6AA65C6-74D3-4855-9010-2BC7B32E8963}.Release|Any CPU.ActiveCfg = Release|Any CPU
		{E6AA65C6-74D3-4855-9010-2BC7B32E8963}.Release|Any CPU.Build.0 = Release|Any CPU
		{7DEA8532-AE62-44D2-A63E-8B76242B2743}.Debug|Any CPU.ActiveCfg = Debug|Any CPU
		{7DEA8532-AE62-44D2-A63E-8B76242B2743}.Debug|Any CPU.Build.0 = Debug|Any CPU
		{7DEA8532-AE62-44D2-A63E-8B76242B2743}.Release|Any CPU.ActiveCfg = Release|Any CPU
		{7DEA8532-AE62-44D2-A63E-8B76242B2743}.Release|Any CPU.Build.0 = Release|Any CPU
		{BC9522F0-EB3A-42F0-833B-99C2DC61CBA5}.Debug|Any CPU.ActiveCfg = Debug|Any CPU
		{BC9522F0-EB3A-42F0-833B-99C2DC61CBA5}.Debug|Any CPU.Build.0 = Debug|Any CPU
		{BC9522F0-EB3A-42F0-833B-99C2DC61CBA5}.Release|Any CPU.ActiveCfg = Release|Any CPU
		{BC9522F0-EB3A-42F0-833B-99C2DC61CBA5}.Release|Any CPU.Build.0 = Release|Any CPU
		{A23A7CBD-A976-4D33-A947-D6546BBE8B76}.Debug|Any CPU.ActiveCfg = Debug|Any CPU
		{A23A7CBD-A976-4D33-A947-D6546BBE8B76}.Debug|Any CPU.Build.0 = Debug|Any CPU
		{A23A7CBD-A976-4D33-A947-D6546BBE8B76}.Release|Any CPU.ActiveCfg = Release|Any CPU
		{A23A7CBD-A976-4D33-A947-D6546BBE8B76}.Release|Any CPU.Build.0 = Release|Any CPU
		{AB6D2220-DF44-4065-990B-C3FD2B2DBCB5}.Debug|Any CPU.ActiveCfg = Debug|Any CPU
		{AB6D2220-DF44-4065-990B-C3FD2B2DBCB5}.Debug|Any CPU.Build.0 = Debug|Any CPU
		{AB6D2220-DF44-4065-990B-C3FD2B2DBCB5}.Release|Any CPU.ActiveCfg = Release|Any CPU
		{AB6D2220-DF44-4065-990B-C3FD2B2DBCB5}.Release|Any CPU.Build.0 = Release|Any CPU
		{1071AE6D-EDAE-426B-8847-00313857D4D2}.Debug|Any CPU.ActiveCfg = Debug|Any CPU
		{1071AE6D-EDAE-426B-8847-00313857D4D2}.Debug|Any CPU.Build.0 = Debug|Any CPU
		{1071AE6D-EDAE-426B-8847-00313857D4D2}.Release|Any CPU.ActiveCfg = Release|Any CPU
		{1071AE6D-EDAE-426B-8847-00313857D4D2}.Release|Any CPU.Build.0 = Release|Any CPU
		{4DC75D6F-5DA0-4310-A72C-49F4EF8D9105}.Debug|Any CPU.ActiveCfg = Debug|Any CPU
		{4DC75D6F-5DA0-4310-A72C-49F4EF8D9105}.Debug|Any CPU.Build.0 = Debug|Any CPU
		{4DC75D6F-5DA0-4310-A72C-49F4EF8D9105}.Release|Any CPU.ActiveCfg = Release|Any CPU
		{4DC75D6F-5DA0-4310-A72C-49F4EF8D9105}.Release|Any CPU.Build.0 = Release|Any CPU
		{A9298DC2-4C63-4FD0-ADF0-B9D211FE0C3E}.Debug|Any CPU.ActiveCfg = Debug|Any CPU
		{A9298DC2-4C63-4FD0-ADF0-B9D211FE0C3E}.Debug|Any CPU.Build.0 = Debug|Any CPU
		{A9298DC2-4C63-4FD0-ADF0-B9D211FE0C3E}.Release|Any CPU.ActiveCfg = Release|Any CPU
		{A9298DC2-4C63-4FD0-ADF0-B9D211FE0C3E}.Release|Any CPU.Build.0 = Release|Any CPU
		{19213BF9-FA50-4978-8740-405BC1F8E399}.Debug|Any CPU.ActiveCfg = Debug|Any CPU
		{19213BF9-FA50-4978-8740-405BC1F8E399}.Debug|Any CPU.Build.0 = Debug|Any CPU
		{19213BF9-FA50-4978-8740-405BC1F8E399}.Release|Any CPU.ActiveCfg = Release|Any CPU
		{19213BF9-FA50-4978-8740-405BC1F8E399}.Release|Any CPU.Build.0 = Release|Any CPU
		{B723CDD8-6E0A-4389-B243-CB97E8FBF51E}.Debug|Any CPU.ActiveCfg = Debug|Any CPU
		{B723CDD8-6E0A-4389-B243-CB97E8FBF51E}.Debug|Any CPU.Build.0 = Debug|Any CPU
		{B723CDD8-6E0A-4389-B243-CB97E8FBF51E}.Release|Any CPU.ActiveCfg = Release|Any CPU
		{B723CDD8-6E0A-4389-B243-CB97E8FBF51E}.Release|Any CPU.Build.0 = Release|Any CPU
		{FEB6EF34-4C9C-4CF3-9D3D-50696B430094}.Debug|Any CPU.ActiveCfg = Debug|Any CPU
		{FEB6EF34-4C9C-4CF3-9D3D-50696B430094}.Debug|Any CPU.Build.0 = Debug|Any CPU
		{FEB6EF34-4C9C-4CF3-9D3D-50696B430094}.Release|Any CPU.ActiveCfg = Release|Any CPU
		{FEB6EF34-4C9C-4CF3-9D3D-50696B430094}.Release|Any CPU.Build.0 = Release|Any CPU
		{9E111C78-CFF4-42E6-8BCE-93DD5F73F28A}.Debug|Any CPU.ActiveCfg = Debug|Any CPU
		{9E111C78-CFF4-42E6-8BCE-93DD5F73F28A}.Debug|Any CPU.Build.0 = Debug|Any CPU
		{9E111C78-CFF4-42E6-8BCE-93DD5F73F28A}.Release|Any CPU.ActiveCfg = Release|Any CPU
		{9E111C78-CFF4-42E6-8BCE-93DD5F73F28A}.Release|Any CPU.Build.0 = Release|Any CPU
		{65C3E37E-BF52-41CD-915B-3EF191026A9E}.Debug|Any CPU.ActiveCfg = Debug|Any CPU
		{65C3E37E-BF52-41CD-915B-3EF191026A9E}.Debug|Any CPU.Build.0 = Debug|Any CPU
		{65C3E37E-BF52-41CD-915B-3EF191026A9E}.Release|Any CPU.ActiveCfg = Release|Any CPU
		{65C3E37E-BF52-41CD-915B-3EF191026A9E}.Release|Any CPU.Build.0 = Release|Any CPU
		{D35CBD6E-345B-4666-AE5D-C0FBCB9BAF82}.Debug|Any CPU.ActiveCfg = Debug|Any CPU
		{D35CBD6E-345B-4666-AE5D-C0FBCB9BAF82}.Debug|Any CPU.Build.0 = Debug|Any CPU
		{D35CBD6E-345B-4666-AE5D-C0FBCB9BAF82}.Release|Any CPU.ActiveCfg = Release|Any CPU
		{D35CBD6E-345B-4666-AE5D-C0FBCB9BAF82}.Release|Any CPU.Build.0 = Release|Any CPU
		{47A8675E-CA8B-4751-B763-F6AFAC030941}.Debug|Any CPU.ActiveCfg = Debug|Any CPU
		{47A8675E-CA8B-4751-B763-F6AFAC030941}.Debug|Any CPU.Build.0 = Debug|Any CPU
		{47A8675E-CA8B-4751-B763-F6AFAC030941}.Release|Any CPU.ActiveCfg = Release|Any CPU
		{47A8675E-CA8B-4751-B763-F6AFAC030941}.Release|Any CPU.Build.0 = Release|Any CPU
		{EBD5F92F-9CA6-4CB2-A648-EA8D047A3FB9}.Debug|Any CPU.ActiveCfg = Debug|Any CPU
		{EBD5F92F-9CA6-4CB2-A648-EA8D047A3FB9}.Debug|Any CPU.Build.0 = Debug|Any CPU
		{EBD5F92F-9CA6-4CB2-A648-EA8D047A3FB9}.Release|Any CPU.ActiveCfg = Release|Any CPU
		{EBD5F92F-9CA6-4CB2-A648-EA8D047A3FB9}.Release|Any CPU.Build.0 = Release|Any CPU
		{8404B282-F0F5-47B7-A5C2-1EF4280D4835}.Debug|Any CPU.ActiveCfg = Debug|Any CPU
		{8404B282-F0F5-47B7-A5C2-1EF4280D4835}.Debug|Any CPU.Build.0 = Debug|Any CPU
		{8404B282-F0F5-47B7-A5C2-1EF4280D4835}.Release|Any CPU.ActiveCfg = Release|Any CPU
		{8404B282-F0F5-47B7-A5C2-1EF4280D4835}.Release|Any CPU.Build.0 = Release|Any CPU
		{0E62CB99-8B14-4C55-975F-4B3F5E3C8AB8}.Debug|Any CPU.ActiveCfg = Debug|Any CPU
		{0E62CB99-8B14-4C55-975F-4B3F5E3C8AB8}.Debug|Any CPU.Build.0 = Debug|Any CPU
		{0E62CB99-8B14-4C55-975F-4B3F5E3C8AB8}.Release|Any CPU.ActiveCfg = Release|Any CPU
		{0E62CB99-8B14-4C55-975F-4B3F5E3C8AB8}.Release|Any CPU.Build.0 = Release|Any CPU
		{9548AFDD-0ACB-4588-BED3-C9E8C82C79B7}.Debug|Any CPU.ActiveCfg = Debug|Any CPU
		{9548AFDD-0ACB-4588-BED3-C9E8C82C79B7}.Debug|Any CPU.Build.0 = Debug|Any CPU
		{9548AFDD-0ACB-4588-BED3-C9E8C82C79B7}.Release|Any CPU.ActiveCfg = Release|Any CPU
		{9548AFDD-0ACB-4588-BED3-C9E8C82C79B7}.Release|Any CPU.Build.0 = Release|Any CPU
		{DD858289-13AC-4BD6-9FEA-537D487B81DB}.Debug|Any CPU.ActiveCfg = Debug|Any CPU
		{DD858289-13AC-4BD6-9FEA-537D487B81DB}.Debug|Any CPU.Build.0 = Debug|Any CPU
		{DD858289-13AC-4BD6-9FEA-537D487B81DB}.Release|Any CPU.ActiveCfg = Release|Any CPU
		{DD858289-13AC-4BD6-9FEA-537D487B81DB}.Release|Any CPU.Build.0 = Release|Any CPU
		{40754A56-86D8-4F5D-A387-4959B124C682}.Debug|Any CPU.ActiveCfg = Debug|Any CPU
		{40754A56-86D8-4F5D-A387-4959B124C682}.Debug|Any CPU.Build.0 = Debug|Any CPU
		{40754A56-86D8-4F5D-A387-4959B124C682}.Release|Any CPU.ActiveCfg = Release|Any CPU
		{40754A56-86D8-4F5D-A387-4959B124C682}.Release|Any CPU.Build.0 = Release|Any CPU
		{690909BA-E2D3-4D85-822C-3473712AE2CA}.Debug|Any CPU.ActiveCfg = Debug|Any CPU
		{690909BA-E2D3-4D85-822C-3473712AE2CA}.Debug|Any CPU.Build.0 = Debug|Any CPU
		{690909BA-E2D3-4D85-822C-3473712AE2CA}.Release|Any CPU.ActiveCfg = Release|Any CPU
		{690909BA-E2D3-4D85-822C-3473712AE2CA}.Release|Any CPU.Build.0 = Release|Any CPU
		{F4C01FCA-C3AF-4785-903A-7982D8F6FA6D}.Debug|Any CPU.ActiveCfg = Debug|Any CPU
		{F4C01FCA-C3AF-4785-903A-7982D8F6FA6D}.Debug|Any CPU.Build.0 = Debug|Any CPU
		{F4C01FCA-C3AF-4785-903A-7982D8F6FA6D}.Release|Any CPU.ActiveCfg = Release|Any CPU
		{F4C01FCA-C3AF-4785-903A-7982D8F6FA6D}.Release|Any CPU.Build.0 = Release|Any CPU
		{AE386761-9119-464A-A6E2-601F7F316505}.Debug|Any CPU.ActiveCfg = Debug|Any CPU
		{AE386761-9119-464A-A6E2-601F7F316505}.Debug|Any CPU.Build.0 = Debug|Any CPU
		{AE386761-9119-464A-A6E2-601F7F316505}.Release|Any CPU.ActiveCfg = Release|Any CPU
		{AE386761-9119-464A-A6E2-601F7F316505}.Release|Any CPU.Build.0 = Release|Any CPU
		{1A6F131E-CA16-45F6-A0AF-6D69B009EFBE}.Debug|Any CPU.ActiveCfg = Debug|Any CPU
		{1A6F131E-CA16-45F6-A0AF-6D69B009EFBE}.Debug|Any CPU.Build.0 = Debug|Any CPU
		{1A6F131E-CA16-45F6-A0AF-6D69B009EFBE}.Release|Any CPU.ActiveCfg = Release|Any CPU
		{1A6F131E-CA16-45F6-A0AF-6D69B009EFBE}.Release|Any CPU.Build.0 = Release|Any CPU
		{E592F35A-F547-48B3-B33D-EDA341D2903E}.Debug|Any CPU.ActiveCfg = Debug|Any CPU
		{E592F35A-F547-48B3-B33D-EDA341D2903E}.Debug|Any CPU.Build.0 = Debug|Any CPU
		{E592F35A-F547-48B3-B33D-EDA341D2903E}.Release|Any CPU.ActiveCfg = Release|Any CPU
		{E592F35A-F547-48B3-B33D-EDA341D2903E}.Release|Any CPU.Build.0 = Release|Any CPU
		{9F1D120A-287D-460F-9C66-4DD63625EC02}.Debug|Any CPU.ActiveCfg = Debug|Any CPU
		{9F1D120A-287D-460F-9C66-4DD63625EC02}.Debug|Any CPU.Build.0 = Debug|Any CPU
		{9F1D120A-287D-460F-9C66-4DD63625EC02}.Release|Any CPU.ActiveCfg = Release|Any CPU
		{9F1D120A-287D-460F-9C66-4DD63625EC02}.Release|Any CPU.Build.0 = Release|Any CPU
		{3346470A-1871-4AB3-85EF-FD52BB8D0C9D}.Debug|Any CPU.ActiveCfg = Debug|Any CPU
		{3346470A-1871-4AB3-85EF-FD52BB8D0C9D}.Debug|Any CPU.Build.0 = Debug|Any CPU
		{3346470A-1871-4AB3-85EF-FD52BB8D0C9D}.Release|Any CPU.ActiveCfg = Release|Any CPU
		{3346470A-1871-4AB3-85EF-FD52BB8D0C9D}.Release|Any CPU.Build.0 = Release|Any CPU
	EndGlobalSection
	GlobalSection(SolutionProperties) = preSolution
		HideSolutionNode = FALSE
	EndGlobalSection
	GlobalSection(NestedProjects) = preSolution
		{9744A78B-170A-4E5E-986E-5F877761A2A3} = {B2446925-B987-484B-A2DB-B05A787A5075}
		{060AA71E-80A0-4560-B7FF-2DA12798AD28} = {B5C32B92-972A-4093-BC68-7CE404FC454B}
		{60FD60A6-8821-4EE4-A3D9-1496397052C8} = {B2446925-B987-484B-A2DB-B05A787A5075}
		{81371120-6F5A-413C-947C-E2F3D351D0EE} = {D6060EE9-EB51-4385-AC92-B45969110333}
		{0A7F1CD0-36DE-42AB-BC9B-C65A0FDFBE8C} = {B5C32B92-972A-4093-BC68-7CE404FC454B}
		{AD23B4BC-30BA-4808-B131-ED58D2E9EA69} = {68B79CBE-186B-4C71-BB72-25B1ADE07682}
		{2CCEAE60-4EA6-4E05-81F6-AC33905E0DEF} = {B5C32B92-972A-4093-BC68-7CE404FC454B}
		{671A0F7E-4892-4F42-831F-4A60F090F104} = {B2446925-B987-484B-A2DB-B05A787A5075}
		{EB29ADB6-B4CB-4A8A-9F4D-911AE406BCD7} = {058A7B5C-980D-40AA-8965-E67E76CA4669}
		{09974D04-1AEF-42B9-8A15-41991E03CF83} = {D6060EE9-EB51-4385-AC92-B45969110333}
		{4A01EBB7-F529-4B0F-AAFA-AFD39FF1C051} = {058A7B5C-980D-40AA-8965-E67E76CA4669}
		{31F91513-0BB4-4222-BF32-A687EB24AF81} = {68B79CBE-186B-4C71-BB72-25B1ADE07682}
		{6FBF3874-D94F-49E3-9D25-6E5C39DC8E15} = {058A7B5C-980D-40AA-8965-E67E76CA4669}
		{EDA0BFE3-A96E-49C5-A1ED-39A6A707F19E} = {058A7B5C-980D-40AA-8965-E67E76CA4669}
		{CD43EC44-973D-4028-8D02-5B520BC5B43F} = {B5C32B92-972A-4093-BC68-7CE404FC454B}
		{6F51951F-5246-43B0-8419-0259ECCF3E0D} = {B5C32B92-972A-4093-BC68-7CE404FC454B}
		{F715D9CE-782F-49BC-8400-94FF097825BF} = {B2446925-B987-484B-A2DB-B05A787A5075}
		{E6AA65C6-74D3-4855-9010-2BC7B32E8963} = {D6060EE9-EB51-4385-AC92-B45969110333}
		{7DEA8532-AE62-44D2-A63E-8B76242B2743} = {058A7B5C-980D-40AA-8965-E67E76CA4669}
		{BC9522F0-EB3A-42F0-833B-99C2DC61CBA5} = {B5C32B92-972A-4093-BC68-7CE404FC454B}
		{A23A7CBD-A976-4D33-A947-D6546BBE8B76} = {68B79CBE-186B-4C71-BB72-25B1ADE07682}
		{AB6D2220-DF44-4065-990B-C3FD2B2DBCB5} = {B5C32B92-972A-4093-BC68-7CE404FC454B}
		{1071AE6D-EDAE-426B-8847-00313857D4D2} = {68B79CBE-186B-4C71-BB72-25B1ADE07682}
		{4DC75D6F-5DA0-4310-A72C-49F4EF8D9105} = {68B79CBE-186B-4C71-BB72-25B1ADE07682}
		{A9298DC2-4C63-4FD0-ADF0-B9D211FE0C3E} = {058A7B5C-980D-40AA-8965-E67E76CA4669}
		{19213BF9-FA50-4978-8740-405BC1F8E399} = {D6060EE9-EB51-4385-AC92-B45969110333}
		{B723CDD8-6E0A-4389-B243-CB97E8FBF51E} = {B5C32B92-972A-4093-BC68-7CE404FC454B}
		{FEB6EF34-4C9C-4CF3-9D3D-50696B430094} = {058A7B5C-980D-40AA-8965-E67E76CA4669}
		{9E111C78-CFF4-42E6-8BCE-93DD5F73F28A} = {B5C32B92-972A-4093-BC68-7CE404FC454B}
		{65C3E37E-BF52-41CD-915B-3EF191026A9E} = {68B79CBE-186B-4C71-BB72-25B1ADE07682}
		{D35CBD6E-345B-4666-AE5D-C0FBCB9BAF82} = {68B79CBE-186B-4C71-BB72-25B1ADE07682}
		{47A8675E-CA8B-4751-B763-F6AFAC030941} = {68B79CBE-186B-4C71-BB72-25B1ADE07682}
		{EBD5F92F-9CA6-4CB2-A648-EA8D047A3FB9} = {68B79CBE-186B-4C71-BB72-25B1ADE07682}
		{8404B282-F0F5-47B7-A5C2-1EF4280D4835} = {68B79CBE-186B-4C71-BB72-25B1ADE07682}
		{0E62CB99-8B14-4C55-975F-4B3F5E3C8AB8} = {68B79CBE-186B-4C71-BB72-25B1ADE07682}
		{9548AFDD-0ACB-4588-BED3-C9E8C82C79B7} = {B5C32B92-972A-4093-BC68-7CE404FC454B}
		{DD858289-13AC-4BD6-9FEA-537D487B81DB} = {68B79CBE-186B-4C71-BB72-25B1ADE07682}
		{40754A56-86D8-4F5D-A387-4959B124C682} = {D6060EE9-EB51-4385-AC92-B45969110333}
		{690909BA-E2D3-4D85-822C-3473712AE2CA} = {3B9B7CE1-0BE3-498C-AD49-5C07CF3ACA46}
		{F4C01FCA-C3AF-4785-903A-7982D8F6FA6D} = {3B9B7CE1-0BE3-498C-AD49-5C07CF3ACA46}
		{AE386761-9119-464A-A6E2-601F7F316505} = {68B79CBE-186B-4C71-BB72-25B1ADE07682}
		{1A6F131E-CA16-45F6-A0AF-6D69B009EFBE} = {D6060EE9-EB51-4385-AC92-B45969110333}
		{E592F35A-F547-48B3-B33D-EDA341D2903E} = {B2446925-B987-484B-A2DB-B05A787A5075}
		{9F1D120A-287D-460F-9C66-4DD63625EC02} = {B5C32B92-972A-4093-BC68-7CE404FC454B}
		{3346470A-1871-4AB3-85EF-FD52BB8D0C9D} = {B5C32B92-972A-4093-BC68-7CE404FC454B}
	EndGlobalSection
	GlobalSection(ExtensibilityGlobals) = postSolution
		SolutionGuid = {6B7B09C1-7039-4C86-A312-783D1EA6DBF3}
	EndGlobalSection
EndGlobal
